{
    "_meta": {
        "hash": {
            "sha256": "2677c0fba5c864e6b4655a790ec5ef64cdd6584b1c83b68980b9bd4a9fd64f49"
        },
        "pipfile-spec": 6,
        "requires": {
            "python_version": "2.7"
        },
        "sources": [
            {
                "url": "https://pypi.python.org/simple",
                "verify_ssl": true
            }
        ]
    },
    "default": {},
    "develop": {}
}
