{
    "_meta": {
        "hash": {
            "sha256": "a852aaae67ccbbc3839f354e1086d41e92ffb6397357a5ff940b0f128847ccdd"
        },
        "pipfile-spec": 6,
        "requires": {
            "python_version": "2.7"
        },
        "sources": [
            {
                "url": "https://pypi.python.org/simple",
                "verify_ssl": true
            }
        ]
    },
    "default": {
        "gunicorn": {
            "hashes": [
                "sha256:75af03c99389535f218cc596c7de74df4763803f7b63eb09d77e92b3956b36c6",
                "sha256:eee1169f0ca667be05db3351a0960765620dad53f53434262ff8901b68a1b622"
            ],
            "version": "==19.7.1"
        }
    },
    "develop": {}
}
